
Microsoft Visual Studio Solution File, Format Version 12.00
# Visual Studio Version 17
VisualStudioVersion = 17.1.32421.90
MinimumVisualStudioVersion = 10.0.40219.1
Project("{9A19103F-16F7-4668-BE54-9A1E7A4F7556}") = "Saratov.Evstifeev.TestComicsLibrary", "Saratov.Evstifeev.TestComicsLibrary\Saratov.Evstifeev.TestComicsLibrary.csproj", "{60AD8407-7CCF-44A1-9CF1-E47EB1B7E864}"
EndProject
Project("{2150E333-8FDC-42A3-9474-1A3956D46DE8}") = "Business", "Business", "{FF8B0882-604C-456B-B702-640CADC7B316}"
EndProject
Project("{2150E333-8FDC-42A3-9474-1A3956D46DE8}") = "Data", "Data", "{41F10F0C-5087-4C4F-9ADD-3F94159AC5E0}"
EndProject
Project("{FAE04EC0-301F-11D3-BF4B-00C04F79EFBC}") = "Saratov.Evstifeev.TestComicsLibrary.Library", "Saratov.Evstifeev.TestComicsLibrary.Library\Saratov.Evstifeev.TestComicsLibrary.Library.csproj", "{DD890440-B333-4569-9290-BAEC2C73AE8E}"
EndProject
Project("{FAE04EC0-301F-11D3-BF4B-00C04F79EFBC}") = "Saratov.Evstifeev.TestComicsLibrary.Entities", "Saratov.Evstifeev.TestComicsLibrary.Entities\Saratov.Evstifeev.TestComicsLibrary.Entities.csproj", "{5B0D695E-8CEF-4210-B8B1-8686654E3955}"
EndProject
Project("{FAE04EC0-301F-11D3-BF4B-00C04F79EFBC}") = "Saratov.Evstifeev.TestComicsLibrary.Entities.Interfaces", "Saratov.Evstifeev.TestComicsLibrary.Entitires.Interfaces\Saratov.Evstifeev.TestComicsLibrary.Entities.Interfaces.csproj", "{2425B333-E0E7-45EB-AD92-A06914CC0F28}"
EndProject
Project("{FAE04EC0-301F-11D3-BF4B-00C04F79EFBC}") = "Saratov.Evstifeev.TestComicsLibrary.Entities.Static", "Saratov.Evstifeev.TestComicsLibrary.Entities.Static\Saratov.Evstifeev.TestComicsLibrary.Entities.Static.csproj", "{1111B01E-7BDF-4D57-A5AF-CCF254C61C2E}"
EndProject
Global
	GlobalSection(SolutionConfigurationPlatforms) = preSolution
		Debug|Any CPU = Debug|Any CPU
		Release|Any CPU = Release|Any CPU
	EndGlobalSection
	GlobalSection(ProjectConfigurationPlatforms) = postSolution
		{60AD8407-7CCF-44A1-9CF1-E47EB1B7E864}.Debug|Any CPU.ActiveCfg = Debug|Any CPU
		{60AD8407-7CCF-44A1-9CF1-E47EB1B7E864}.Debug|Any CPU.Build.0 = Debug|Any CPU
		{60AD8407-7CCF-44A1-9CF1-E47EB1B7E864}.Release|Any CPU.ActiveCfg = Release|Any CPU
		{60AD8407-7CCF-44A1-9CF1-E47EB1B7E864}.Release|Any CPU.Build.0 = Release|Any CPU
		{DD890440-B333-4569-9290-BAEC2C73AE8E}.Debug|Any CPU.ActiveCfg = Debug|Any CPU
		{DD890440-B333-4569-9290-BAEC2C73AE8E}.Debug|Any CPU.Build.0 = Debug|Any CPU
		{DD890440-B333-4569-9290-BAEC2C73AE8E}.Release|Any CPU.ActiveCfg = Release|Any CPU
		{DD890440-B333-4569-9290-BAEC2C73AE8E}.Release|Any CPU.Build.0 = Release|Any CPU
		{5B0D695E-8CEF-4210-B8B1-8686654E3955}.Debug|Any CPU.ActiveCfg = Debug|Any CPU
		{5B0D695E-8CEF-4210-B8B1-8686654E3955}.Debug|Any CPU.Build.0 = Debug|Any CPU
		{5B0D695E-8CEF-4210-B8B1-8686654E3955}.Release|Any CPU.ActiveCfg = Release|Any CPU
		{5B0D695E-8CEF-4210-B8B1-8686654E3955}.Release|Any CPU.Build.0 = Release|Any CPU
		{2425B333-E0E7-45EB-AD92-A06914CC0F28}.Debug|Any CPU.ActiveCfg = Debug|Any CPU
		{2425B333-E0E7-45EB-AD92-A06914CC0F28}.Debug|Any CPU.Build.0 = Debug|Any CPU
		{2425B333-E0E7-45EB-AD92-A06914CC0F28}.Release|Any CPU.ActiveCfg = Release|Any CPU
		{2425B333-E0E7-45EB-AD92-A06914CC0F28}.Release|Any CPU.Build.0 = Release|Any CPU
		{1111B01E-7BDF-4D57-A5AF-CCF254C61C2E}.Debug|Any CPU.ActiveCfg = Debug|Any CPU
		{1111B01E-7BDF-4D57-A5AF-CCF254C61C2E}.Debug|Any CPU.Build.0 = Debug|Any CPU
		{1111B01E-7BDF-4D57-A5AF-CCF254C61C2E}.Release|Any CPU.ActiveCfg = Release|Any CPU
		{1111B01E-7BDF-4D57-A5AF-CCF254C61C2E}.Release|Any CPU.Build.0 = Release|Any CPU
	EndGlobalSection
	GlobalSection(SolutionProperties) = preSolution
		HideSolutionNode = FALSE
	EndGlobalSection
	GlobalSection(NestedProjects) = preSolution
		{DD890440-B333-4569-9290-BAEC2C73AE8E} = {FF8B0882-604C-456B-B702-640CADC7B316}
		{5B0D695E-8CEF-4210-B8B1-8686654E3955} = {41F10F0C-5087-4C4F-9ADD-3F94159AC5E0}
		{2425B333-E0E7-45EB-AD92-A06914CC0F28} = {41F10F0C-5087-4C4F-9ADD-3F94159AC5E0}
		{1111B01E-7BDF-4D57-A5AF-CCF254C61C2E} = {41F10F0C-5087-4C4F-9ADD-3F94159AC5E0}
	EndGlobalSection
	GlobalSection(ExtensibilityGlobals) = postSolution
		SolutionGuid = {A40CC8E0-8861-47E3-A03C-5E02E6BA4342}
	EndGlobalSection
EndGlobal
